
Microsoft Visual Studio Solution File, Format Version 12.00
# Visual Studio Version 17
VisualStudioVersion = 17.8.34309.116
MinimumVisualStudioVersion = 10.0.40219.1
Project("{9A19103F-16F7-4668-BE54-9A1E7A4F7556}") = "ZL.SemanticKernelDemo", "Console\ZL.SemanticKernelDemo\ZL.SemanticKernelDemo.csproj", "{03D0494F-0DDF-4C8F-8474-BD8527CFDF05}"
EndProject
Project("{9A19103F-16F7-4668-BE54-9A1E7A4F7556}") = "ZL.SemanticKernelTests", "Tests\ZL.SemanticKernelTests\ZL.SemanticKernelTests.csproj", "{2E415D30-4BB8-41FC-8AD6-3F53381F758F}"
EndProject
Project("{9A19103F-16F7-4668-BE54-9A1E7A4F7556}") = "ZL.SemanticKernelDemo.Host", "Host\ZL.SemanticKernelDemo.Host\ZL.SemanticKernelDemo.Host.csproj", "{B9637820-39BE-4B65-A94D-2221736678DB}"
EndProject
Project("{2150E333-8FDC-42A3-9474-1A3956D46DE8}") = "Solution Items", "Solution Items", "{70644372-8633-4040-B2CA-CE4411C02067}"
	ProjectSection(SolutionItems) = preProject
		.editorconfig = .editorconfig
	EndProjectSection
EndProject
Global
	GlobalSection(SolutionConfigurationPlatforms) = preSolution
		Debug|Any CPU = Debug|Any CPU
		Release|Any CPU = Release|Any CPU
	EndGlobalSection
	GlobalSection(ProjectConfigurationPlatforms) = postSolution
		{03D0494F-0DDF-4C8F-8474-BD8527CFDF05}.Debug|Any CPU.ActiveCfg = Debug|Any CPU
		{03D0494F-0DDF-4C8F-8474-BD8527CFDF05}.Debug|Any CPU.Build.0 = Debug|Any CPU
		{03D0494F-0DDF-4C8F-8474-BD8527CFDF05}.Release|Any CPU.ActiveCfg = Release|Any CPU
		{03D0494F-0DDF-4C8F-8474-BD8527CFDF05}.Release|Any CPU.Build.0 = Release|Any CPU
		{2E415D30-4BB8-41FC-8AD6-3F53381F758F}.Debug|Any CPU.ActiveCfg = Debug|Any CPU
		{2E415D30-4BB8-41FC-8AD6-3F53381F758F}.Debug|Any CPU.Build.0 = Debug|Any CPU
		{2E415D30-4BB8-41FC-8AD6-3F53381F758F}.Release|Any CPU.ActiveCfg = Release|Any CPU
		{2E415D30-4BB8-41FC-8AD6-3F53381F758F}.Release|Any CPU.Build.0 = Release|Any CPU
		{B9637820-39BE-4B65-A94D-2221736678DB}.Debug|Any CPU.ActiveCfg = Debug|Any CPU
		{B9637820-39BE-4B65-A94D-2221736678DB}.Debug|Any CPU.Build.0 = Debug|Any CPU
		{B9637820-39BE-4B65-A94D-2221736678DB}.Release|Any CPU.ActiveCfg = Release|Any CPU
		{B9637820-39BE-4B65-A94D-2221736678DB}.Release|Any CPU.Build.0 = Release|Any CPU
	EndGlobalSection
	GlobalSection(SolutionProperties) = preSolution
		HideSolutionNode = FALSE
	EndGlobalSection
	GlobalSection(ExtensibilityGlobals) = postSolution
		SolutionGuid = {993AA0AD-6244-47D0-A7CD-A076D5B7FE1D}
	EndGlobalSection
EndGlobal
